
Microsoft Visual Studio Solution File, Format Version 12.00
# Visual Studio Version 17
VisualStudioVersion = 17.5.33424.131
MinimumVisualStudioVersion = 10.0.40219.1
Project("{FAE04EC0-301F-11D3-BF4B-00C04F79EFBC}") = "TokenExample", "TokenExample\TokenExample.csproj", "{1EB5399F-CECF-4625-910D-4EF45E4F0CFE}"
EndProject
Global
	GlobalSection(SolutionConfigurationPlatforms) = preSolution
		Debug|Any CPU = Debug|Any CPU
		Release|Any CPU = Release|Any CPU
	EndGlobalSection
	GlobalSection(ProjectConfigurationPlatforms) = postSolution
		{1EB5399F-CECF-4625-910D-4EF45E4F0CFE}.Debug|Any CPU.ActiveCfg = Debug|Any CPU
		{1EB5399F-CECF-4625-910D-4EF45E4F0CFE}.Debug|Any CPU.Build.0 = Debug|Any CPU
		{1EB5399F-CECF-4625-910D-4EF45E4F0CFE}.Release|Any CPU.ActiveCfg = Release|Any CPU
		{1EB5399F-CECF-4625-910D-4EF45E4F0CFE}.Release|Any CPU.Build.0 = Release|Any CPU
	EndGlobalSection
	GlobalSection(SolutionProperties) = preSolution
		HideSolutionNode = FALSE
	EndGlobalSection
	GlobalSection(ExtensibilityGlobals) = postSolution
		SolutionGuid = {8E769EB4-A077-46A2-B4BC-A62456D38A46}
	EndGlobalSection
EndGlobal
